// !$*UTF8*$!
{
	archiveVersion = 1;
	classes = {
	};
	objectVersion = 50;
	objects = {

/* Begin PBXBuildFile section */
		28A6A834246A8F1900FD04C8 /* AppDelegate.swift in Sources */ = {isa = PBXBuildFile; fileRef = 28A6A833246A8F1900FD04C8 /* AppDelegate.swift */; };
		28A6A836246A8F1900FD04C8 /* SceneDelegate.swift in Sources */ = {isa = PBXBuildFile; fileRef = 28A6A835246A8F1900FD04C8 /* SceneDelegate.swift */; };
		28A6A838246A8F1900FD04C8 /* ViewController.swift in Sources */ = {isa = PBXBuildFile; fileRef = 28A6A837246A8F1900FD04C8 /* ViewController.swift */; };
		28A6A83B246A8F1900FD04C8 /* Main.storyboard in Resources */ = {isa = PBXBuildFile; fileRef = 28A6A839246A8F1900FD04C8 /* Main.storyboard */; };
		28A6A83D246A8F1900FD04C8 /* Assets.xcassets in Resources */ = {isa = PBXBuildFile; fileRef = 28A6A83C246A8F1900FD04C8 /* Assets.xcassets */; };
		28A6A840246A8F1900FD04C8 /* LaunchScreen.storyboard in Resources */ = {isa = PBXBuildFile; fileRef = 28A6A83E246A8F1900FD04C8 /* LaunchScreen.storyboard */; };
		3F101C362474100E0000E72C /* HintCuciTanganVC.swift in Sources */ = {isa = PBXBuildFile; fileRef = 3F101C352474100E0000E72C /* HintCuciTanganVC.swift */; };
		3F101C38247410300000E72C /* BerhasilCuciTanganVC.swift in Sources */ = {isa = PBXBuildFile; fileRef = 3F101C37247410300000E72C /* BerhasilCuciTanganVC.swift */; };
		3F31D499247D0818000226E2 /* GameLalat.storyboard in Resources */ = {isa = PBXBuildFile; fileRef = 3F31D498247D0818000226E2 /* GameLalat.storyboard */; };
		3F31D49B247D0830000226E2 /* GameLalatVC.swift in Sources */ = {isa = PBXBuildFile; fileRef = 3F31D49A247D0830000226E2 /* GameLalatVC.swift */; };
		3F31D49D247D0845000226E2 /* HintGameLalatVC.swift in Sources */ = {isa = PBXBuildFile; fileRef = 3F31D49C247D0845000226E2 /* HintGameLalatVC.swift */; };
		3F31D49F247D085D000226E2 /* BerhasilGameLalatVC.swift in Sources */ = {isa = PBXBuildFile; fileRef = 3F31D49E247D085D000226E2 /* BerhasilGameLalatVC.swift */; };
		3F572FA4247C064F00A85141 /* SikatGigi.storyboard in Resources */ = {isa = PBXBuildFile; fileRef = 3F572FA3247C064F00A85141 /* SikatGigi.storyboard */; };
		3F572FA6247C066600A85141 /* LangkahSikatGigiVC.swift in Sources */ = {isa = PBXBuildFile; fileRef = 3F572FA5247C066600A85141 /* LangkahSikatGigiVC.swift */; };
		3F572FA8247C067600A85141 /* SikatGigiVC.swift in Sources */ = {isa = PBXBuildFile; fileRef = 3F572FA7247C067600A85141 /* SikatGigiVC.swift */; };
		3F572FAA247C069700A85141 /* HintSikatGigiVC.swift in Sources */ = {isa = PBXBuildFile; fileRef = 3F572FA9247C069700A85141 /* HintSikatGigiVC.swift */; };
		3F572FAC247C070100A85141 /* BerhasilSikatGigiVC.swift in Sources */ = {isa = PBXBuildFile; fileRef = 3F572FAB247C070100A85141 /* BerhasilSikatGigiVC.swift */; };
		3FE9342D2472598400C0A769 /* CuciTanganVC.swift in Sources */ = {isa = PBXBuildFile; fileRef = 3FE9342C2472598400C0A769 /* CuciTanganVC.swift */; };
		3FE9342F247266A800C0A769 /* CuciTangan.storyboard in Resources */ = {isa = PBXBuildFile; fileRef = 3FE9342E247266A800C0A769 /* CuciTangan.storyboard */; };
/* End PBXBuildFile section */

/* Begin PBXFileReference section */
		28A6A830246A8F1900FD04C8 /* AppleDev-MC2.app */ = {isa = PBXFileReference; explicitFileType = wrapper.application; includeInIndex = 0; path = "AppleDev-MC2.app"; sourceTree = BUILT_PRODUCTS_DIR; };
		28A6A833246A8F1900FD04C8 /* AppDelegate.swift */ = {isa = PBXFileReference; lastKnownFileType = sourcecode.swift; path = AppDelegate.swift; sourceTree = "<group>"; };
		28A6A835246A8F1900FD04C8 /* SceneDelegate.swift */ = {isa = PBXFileReference; lastKnownFileType = sourcecode.swift; path = SceneDelegate.swift; sourceTree = "<group>"; };
		28A6A837246A8F1900FD04C8 /* ViewController.swift */ = {isa = PBXFileReference; lastKnownFileType = sourcecode.swift; path = ViewController.swift; sourceTree = "<group>"; };
		28A6A83A246A8F1900FD04C8 /* Base */ = {isa = PBXFileReference; lastKnownFileType = file.storyboard; name = Base; path = Base.lproj/Main.storyboard; sourceTree = "<group>"; };
		28A6A83C246A8F1900FD04C8 /* Assets.xcassets */ = {isa = PBXFileReference; lastKnownFileType = folder.assetcatalog; path = Assets.xcassets; sourceTree = "<group>"; };
		28A6A83F246A8F1900FD04C8 /* Base */ = {isa = PBXFileReference; lastKnownFileType = file.storyboard; name = Base; path = Base.lproj/LaunchScreen.storyboard; sourceTree = "<group>"; };
		28A6A841246A8F1900FD04C8 /* Info.plist */ = {isa = PBXFileReference; lastKnownFileType = text.plist.xml; path = Info.plist; sourceTree = "<group>"; };
		3F101C352474100E0000E72C /* HintCuciTanganVC.swift */ = {isa = PBXFileReference; lastKnownFileType = sourcecode.swift; path = HintCuciTanganVC.swift; sourceTree = "<group>"; };
		3F101C37247410300000E72C /* BerhasilCuciTanganVC.swift */ = {isa = PBXFileReference; lastKnownFileType = sourcecode.swift; path = BerhasilCuciTanganVC.swift; sourceTree = "<group>"; };
		3F31D498247D0818000226E2 /* GameLalat.storyboard */ = {isa = PBXFileReference; lastKnownFileType = file.storyboard; path = GameLalat.storyboard; sourceTree = "<group>"; };
		3F31D49A247D0830000226E2 /* GameLalatVC.swift */ = {isa = PBXFileReference; lastKnownFileType = sourcecode.swift; path = GameLalatVC.swift; sourceTree = "<group>"; };
		3F31D49C247D0845000226E2 /* HintGameLalatVC.swift */ = {isa = PBXFileReference; lastKnownFileType = sourcecode.swift; path = HintGameLalatVC.swift; sourceTree = "<group>"; };
		3F31D49E247D085D000226E2 /* BerhasilGameLalatVC.swift */ = {isa = PBXFileReference; lastKnownFileType = sourcecode.swift; path = BerhasilGameLalatVC.swift; sourceTree = "<group>"; };
		3F572FA3247C064F00A85141 /* SikatGigi.storyboard */ = {isa = PBXFileReference; lastKnownFileType = file.storyboard; path = SikatGigi.storyboard; sourceTree = "<group>"; };
		3F572FA5247C066600A85141 /* LangkahSikatGigiVC.swift */ = {isa = PBXFileReference; lastKnownFileType = sourcecode.swift; path = LangkahSikatGigiVC.swift; sourceTree = "<group>"; };
		3F572FA7247C067600A85141 /* SikatGigiVC.swift */ = {isa = PBXFileReference; lastKnownFileType = sourcecode.swift; path = SikatGigiVC.swift; sourceTree = "<group>"; };
		3F572FA9247C069700A85141 /* HintSikatGigiVC.swift */ = {isa = PBXFileReference; lastKnownFileType = sourcecode.swift; path = HintSikatGigiVC.swift; sourceTree = "<group>"; };
		3F572FAB247C070100A85141 /* BerhasilSikatGigiVC.swift */ = {isa = PBXFileReference; lastKnownFileType = sourcecode.swift; path = BerhasilSikatGigiVC.swift; sourceTree = "<group>"; };
		3FE9342C2472598400C0A769 /* CuciTanganVC.swift */ = {isa = PBXFileReference; lastKnownFileType = sourcecode.swift; path = CuciTanganVC.swift; sourceTree = "<group>"; };
		3FE9342E247266A800C0A769 /* CuciTangan.storyboard */ = {isa = PBXFileReference; lastKnownFileType = file.storyboard; path = CuciTangan.storyboard; sourceTree = "<group>"; };
/* End PBXFileReference section */

/* Begin PBXFrameworksBuildPhase section */
		28A6A82D246A8F1900FD04C8 /* Frameworks */ = {
			isa = PBXFrameworksBuildPhase;
			buildActionMask = 2147483647;
			files = (
			);
			runOnlyForDeploymentPostprocessing = 0;
		};
/* End PBXFrameworksBuildPhase section */

/* Begin PBXGroup section */
		28A6A827246A8F1900FD04C8 = {
			isa = PBXGroup;
			children = (
				28A6A832246A8F1900FD04C8 /* AppleDev-MC2 */,
				28A6A831246A8F1900FD04C8 /* Products */,
			);
			sourceTree = "<group>";
		};
		28A6A831246A8F1900FD04C8 /* Products */ = {
			isa = PBXGroup;
			children = (
				28A6A830246A8F1900FD04C8 /* AppleDev-MC2.app */,
			);
			name = Products;
			sourceTree = "<group>";
		};
		28A6A832246A8F1900FD04C8 /* AppleDev-MC2 */ = {
			isa = PBXGroup;
			children = (
				28A6A833246A8F1900FD04C8 /* AppDelegate.swift */,
				28A6A835246A8F1900FD04C8 /* SceneDelegate.swift */,
				28A6A837246A8F1900FD04C8 /* ViewController.swift */,
				28A6A839246A8F1900FD04C8 /* Main.storyboard */,
				3FE9342C2472598400C0A769 /* CuciTanganVC.swift */,
				3FE9342E247266A800C0A769 /* CuciTangan.storyboard */,
				3F572FA3247C064F00A85141 /* SikatGigi.storyboard */,
				3F31D498247D0818000226E2 /* GameLalat.storyboard */,
				3F31D49A247D0830000226E2 /* GameLalatVC.swift */,
				3F31D49C247D0845000226E2 /* HintGameLalatVC.swift */,
				3F31D49E247D085D000226E2 /* BerhasilGameLalatVC.swift */,
				3F572FA5247C066600A85141 /* LangkahSikatGigiVC.swift */,
				3F572FA7247C067600A85141 /* SikatGigiVC.swift */,
				3F572FA9247C069700A85141 /* HintSikatGigiVC.swift */,
				3F572FAB247C070100A85141 /* BerhasilSikatGigiVC.swift */,
				3F101C37247410300000E72C /* BerhasilCuciTanganVC.swift */,
				3F101C352474100E0000E72C /* HintCuciTanganVC.swift */,
				28A6A83C246A8F1900FD04C8 /* Assets.xcassets */,
				28A6A83E246A8F1900FD04C8 /* LaunchScreen.storyboard */,
				28A6A841246A8F1900FD04C8 /* Info.plist */,
			);
			path = "AppleDev-MC2";
			sourceTree = "<group>";
		};
/* End PBXGroup section */

/* Begin PBXNativeTarget section */
		28A6A82F246A8F1900FD04C8 /* AppleDev-MC2 */ = {
			isa = PBXNativeTarget;
			buildConfigurationList = 28A6A844246A8F1900FD04C8 /* Build configuration list for PBXNativeTarget "AppleDev-MC2" */;
			buildPhases = (
				28A6A82C246A8F1900FD04C8 /* Sources */,
				28A6A82D246A8F1900FD04C8 /* Frameworks */,
				28A6A82E246A8F1900FD04C8 /* Resources */,
			);
			buildRules = (
			);
			dependencies = (
			);
			name = "AppleDev-MC2";
			productName = "AppleDev-MC2";
			productReference = 28A6A830246A8F1900FD04C8 /* AppleDev-MC2.app */;
			productType = "com.apple.product-type.application";
		};
/* End PBXNativeTarget section */

/* Begin PBXProject section */
		28A6A828246A8F1900FD04C8 /* Project object */ = {
			isa = PBXProject;
			attributes = {
				LastSwiftUpdateCheck = 1140;
				LastUpgradeCheck = 1140;
				ORGANIZATIONNAME = "Group-1";
				TargetAttributes = {
					28A6A82F246A8F1900FD04C8 = {
						CreatedOnToolsVersion = 11.4.1;
					};
				};
			};
			buildConfigurationList = 28A6A82B246A8F1900FD04C8 /* Build configuration list for PBXProject "AppleDev-MC2" */;
			compatibilityVersion = "Xcode 9.3";
			developmentRegion = en;
			hasScannedForEncodings = 0;
			knownRegions = (
				en,
				Base,
			);
			mainGroup = 28A6A827246A8F1900FD04C8;
			productRefGroup = 28A6A831246A8F1900FD04C8 /* Products */;
			projectDirPath = "";
			projectRoot = "";
			targets = (
				28A6A82F246A8F1900FD04C8 /* AppleDev-MC2 */,
			);
		};
/* End PBXProject section */

/* Begin PBXResourcesBuildPhase section */
		28A6A82E246A8F1900FD04C8 /* Resources */ = {
			isa = PBXResourcesBuildPhase;
			buildActionMask = 2147483647;
			files = (
				28A6A840246A8F1900FD04C8 /* LaunchScreen.storyboard in Resources */,
				3F572FA4247C064F00A85141 /* SikatGigi.storyboard in Resources */,
				3FE9342F247266A800C0A769 /* CuciTangan.storyboard in Resources */,
				28A6A83D246A8F1900FD04C8 /* Assets.xcassets in Resources */,
				28A6A83B246A8F1900FD04C8 /* Main.storyboard in Resources */,
				3F31D499247D0818000226E2 /* GameLalat.storyboard in Resources */,
			);
			runOnlyForDeploymentPostprocessing = 0;
		};
/* End PBXResourcesBuildPhase section */

/* Begin PBXSourcesBuildPhase section */
		28A6A82C246A8F1900FD04C8 /* Sources */ = {
			isa = PBXSourcesBuildPhase;
			buildActionMask = 2147483647;
			files = (
				3F31D49D247D0845000226E2 /* HintGameLalatVC.swift in Sources */,
				28A6A838246A8F1900FD04C8 /* ViewController.swift in Sources */,
				3F572FAC247C070100A85141 /* BerhasilSikatGigiVC.swift in Sources */,
				3F572FAA247C069700A85141 /* HintSikatGigiVC.swift in Sources */,
				3F572FA8247C067600A85141 /* SikatGigiVC.swift in Sources */,
				28A6A834246A8F1900FD04C8 /* AppDelegate.swift in Sources */,
				3F31D49F247D085D000226E2 /* BerhasilGameLalatVC.swift in Sources */,
				3F572FA6247C066600A85141 /* LangkahSikatGigiVC.swift in Sources */,
				28A6A836246A8F1900FD04C8 /* SceneDelegate.swift in Sources */,
				3F101C38247410300000E72C /* BerhasilCuciTanganVC.swift in Sources */,
				3FE9342D2472598400C0A769 /* CuciTanganVC.swift in Sources */,
				3F101C362474100E0000E72C /* HintCuciTanganVC.swift in Sources */,
				3F31D49B247D0830000226E2 /* GameLalatVC.swift in Sources */,
			);
			runOnlyForDeploymentPostprocessing = 0;
		};
/* End PBXSourcesBuildPhase section */

/* Begin PBXVariantGroup section */
		28A6A839246A8F1900FD04C8 /* Main.storyboard */ = {
			isa = PBXVariantGroup;
			children = (
				28A6A83A246A8F1900FD04C8 /* Base */,
			);
			name = Main.storyboard;
			sourceTree = "<group>";
		};
		28A6A83E246A8F1900FD04C8 /* LaunchScreen.storyboard */ = {
			isa = PBXVariantGroup;
			children = (
				28A6A83F246A8F1900FD04C8 /* Base */,
			);
			name = LaunchScreen.storyboard;
			sourceTree = "<group>";
		};
/* End PBXVariantGroup section */

/* Begin XCBuildConfiguration section */
		28A6A842246A8F1900FD04C8 /* Debug */ = {
			isa = XCBuildConfiguration;
			buildSettings = {
				ALWAYS_SEARCH_USER_PATHS = NO;
				CLANG_ANALYZER_NONNULL = YES;
				CLANG_ANALYZER_NUMBER_OBJECT_CONVERSION = YES_AGGRESSIVE;
				CLANG_CXX_LANGUAGE_STANDARD = "gnu++14";
				CLANG_CXX_LIBRARY = "libc++";
				CLANG_ENABLE_MODULES = YES;
				CLANG_ENABLE_OBJC_ARC = YES;
				CLANG_ENABLE_OBJC_WEAK = YES;
				CLANG_WARN_BLOCK_CAPTURE_AUTORELEASING = YES;
				CLANG_WARN_BOOL_CONVERSION = YES;
				CLANG_WARN_COMMA = YES;
				CLANG_WARN_CONSTANT_CONVERSION = YES;
				CLANG_WARN_DEPRECATED_OBJC_IMPLEMENTATIONS = YES;
				CLANG_WARN_DIRECT_OBJC_ISA_USAGE = YES_ERROR;
				CLANG_WARN_DOCUMENTATION_COMMENTS = YES;
				CLANG_WARN_EMPTY_BODY = YES;
				CLANG_WARN_ENUM_CONVERSION = YES;
				CLANG_WARN_INFINITE_RECURSION = YES;
				CLANG_WARN_INT_CONVERSION = YES;
				CLANG_WARN_NON_LITERAL_NULL_CONVERSION = YES;
				CLANG_WARN_OBJC_IMPLICIT_RETAIN_SELF = YES;
				CLANG_WARN_OBJC_LITERAL_CONVERSION = YES;
				CLANG_WARN_OBJC_ROOT_CLASS = YES_ERROR;
				CLANG_WARN_RANGE_LOOP_ANALYSIS = YES;
				CLANG_WARN_STRICT_PROTOTYPES = YES;
				CLANG_WARN_SUSPICIOUS_MOVE = YES;
				CLANG_WARN_UNGUARDED_AVAILABILITY = YES_AGGRESSIVE;
				CLANG_WARN_UNREACHABLE_CODE = YES;
				CLANG_WARN__DUPLICATE_METHOD_MATCH = YES;
				COPY_PHASE_STRIP = NO;
				DEBUG_INFORMATION_FORMAT = dwarf;
				ENABLE_STRICT_OBJC_MSGSEND = YES;
				ENABLE_TESTABILITY = YES;
				GCC_C_LANGUAGE_STANDARD = gnu11;
				GCC_DYNAMIC_NO_PIC = NO;
				GCC_NO_COMMON_BLOCKS = YES;
				GCC_OPTIMIZATION_LEVEL = 0;
				GCC_PREPROCESSOR_DEFINITIONS = (
					"DEBUG=1",
					"$(inherited)",
				);
				GCC_WARN_64_TO_32_BIT_CONVERSION = YES;
				GCC_WARN_ABOUT_RETURN_TYPE = YES_ERROR;
				GCC_WARN_UNDECLARED_SELECTOR = YES;
				GCC_WARN_UNINITIALIZED_AUTOS = YES_AGGRESSIVE;
				GCC_WARN_UNUSED_FUNCTION = YES;
				GCC_WARN_UNUSED_VARIABLE = YES;
				IPHONEOS_DEPLOYMENT_TARGET = 13.4;
				MTL_ENABLE_DEBUG_INFO = INCLUDE_SOURCE;
				MTL_FAST_MATH = YES;
				ONLY_ACTIVE_ARCH = YES;
				SDKROOT = iphoneos;
				SWIFT_ACTIVE_COMPILATION_CONDITIONS = DEBUG;
				SWIFT_OPTIMIZATION_LEVEL = "-Onone";
			};
			name = Debug;
		};
		28A6A843246A8F1900FD04C8 /* Release */ = {
			isa = XCBuildConfiguration;
			buildSettings = {
				ALWAYS_SEARCH_USER_PATHS = NO;
				CLANG_ANALYZER_NONNULL = YES;
				CLANG_ANALYZER_NUMBER_OBJECT_CONVERSION = YES_AGGRESSIVE;
				CLANG_CXX_LANGUAGE_STANDARD = "gnu++14";
				CLANG_CXX_LIBRARY = "libc++";
				CLANG_ENABLE_MODULES = YES;
				CLANG_ENABLE_OBJC_ARC = YES;
				CLANG_ENABLE_OBJC_WEAK = YES;
				CLANG_WARN_BLOCK_CAPTURE_AUTORELEASING = YES;
				CLANG_WARN_BOOL_CONVERSION = YES;
				CLANG_WARN_COMMA = YES;
				CLANG_WARN_CONSTANT_CONVERSION = YES;
				CLANG_WARN_DEPRECATED_OBJC_IMPLEMENTATIONS = YES;
				CLANG_WARN_DIRECT_OBJC_ISA_USAGE = YES_ERROR;
				CLANG_WARN_DOCUMENTATION_COMMENTS = YES;
				CLANG_WARN_EMPTY_BODY = YES;
				CLANG_WARN_ENUM_CONVERSION = YES;
				CLANG_WARN_INFINITE_RECURSION = YES;
				CLANG_WARN_INT_CONVERSION = YES;
				CLANG_WARN_NON_LITERAL_NULL_CONVERSION = YES;
				CLANG_WARN_OBJC_IMPLICIT_RETAIN_SELF = YES;
				CLANG_WARN_OBJC_LITERAL_CONVERSION = YES;
				CLANG_WARN_OBJC_ROOT_CLASS = YES_ERROR;
				CLANG_WARN_RANGE_LOOP_ANALYSIS = YES;
				CLANG_WARN_STRICT_PROTOTYPES = YES;
				CLANG_WARN_SUSPICIOUS_MOVE = YES;
				CLANG_WARN_UNGUARDED_AVAILABILITY = YES_AGGRESSIVE;
				CLANG_WARN_UNREACHABLE_CODE = YES;
				CLANG_WARN__DUPLICATE_METHOD_MATCH = YES;
				COPY_PHASE_STRIP = NO;
				DEBUG_INFORMATION_FORMAT = "dwarf-with-dsym";
				ENABLE_NS_ASSERTIONS = NO;
				ENABLE_STRICT_OBJC_MSGSEND = YES;
				GCC_C_LANGUAGE_STANDARD = gnu11;
				GCC_NO_COMMON_BLOCKS = YES;
				GCC_WARN_64_TO_32_BIT_CONVERSION = YES;
				GCC_WARN_ABOUT_RETURN_TYPE = YES_ERROR;
				GCC_WARN_UNDECLARED_SELECTOR = YES;
				GCC_WARN_UNINITIALIZED_AUTOS = YES_AGGRESSIVE;
				GCC_WARN_UNUSED_FUNCTION = YES;
				GCC_WARN_UNUSED_VARIABLE = YES;
				IPHONEOS_DEPLOYMENT_TARGET = 13.4;
				MTL_ENABLE_DEBUG_INFO = NO;
				MTL_FAST_MATH = YES;
				SDKROOT = iphoneos;
				SWIFT_COMPILATION_MODE = wholemodule;
				SWIFT_OPTIMIZATION_LEVEL = "-O";
				VALIDATE_PRODUCT = YES;
			};
			name = Release;
		};
		28A6A845246A8F1900FD04C8 /* Debug */ = {
			isa = XCBuildConfiguration;
			buildSettings = {
				ASSETCATALOG_COMPILER_APPICON_NAME = AppIcon;
				CODE_SIGN_STYLE = Automatic;
				DEVELOPMENT_TEAM = 9S2322R8WG;
				INFOPLIST_FILE = "AppleDev-MC2/Info.plist";
				LD_RUNPATH_SEARCH_PATHS = (
					"$(inherited)",
					"@executable_path/Frameworks",
				);
				PRODUCT_BUNDLE_IDENTIFIER = "asdev.AppleDev-MC2";
				PRODUCT_NAME = "$(TARGET_NAME)";
				SWIFT_VERSION = 5.0;
				TARGETED_DEVICE_FAMILY = "1,2";
			};
			name = Debug;
		};
		28A6A846246A8F1900FD04C8 /* Release */ = {
			isa = XCBuildConfiguration;
			buildSettings = {
				ASSETCATALOG_COMPILER_APPICON_NAME = AppIcon;
				CODE_SIGN_STYLE = Automatic;
				DEVELOPMENT_TEAM = 9S2322R8WG;
				INFOPLIST_FILE = "AppleDev-MC2/Info.plist";
				LD_RUNPATH_SEARCH_PATHS = (
					"$(inherited)",
					"@executable_path/Frameworks",
				);
				PRODUCT_BUNDLE_IDENTIFIER = "asdev.AppleDev-MC2";
				PRODUCT_NAME = "$(TARGET_NAME)";
				SWIFT_VERSION = 5.0;
				TARGETED_DEVICE_FAMILY = "1,2";
			};
			name = Release;
		};
/* End XCBuildConfiguration section */

/* Begin XCConfigurationList section */
		28A6A82B246A8F1900FD04C8 /* Build configuration list for PBXProject "AppleDev-MC2" */ = {
			isa = XCConfigurationList;
			buildConfigurations = (
				28A6A842246A8F1900FD04C8 /* Debug */,
				28A6A843246A8F1900FD04C8 /* Release */,
			);
			defaultConfigurationIsVisible = 0;
			defaultConfigurationName = Release;
		};
		28A6A844246A8F1900FD04C8 /* Build configuration list for PBXNativeTarget "AppleDev-MC2" */ = {
			isa = XCConfigurationList;
			buildConfigurations = (
				28A6A845246A8F1900FD04C8 /* Debug */,
				28A6A846246A8F1900FD04C8 /* Release */,
			);
			defaultConfigurationIsVisible = 0;
			defaultConfigurationName = Release;
		};
/* End XCConfigurationList section */
	};
	rootObject = 28A6A828246A8F1900FD04C8 /* Project object */;
}
